
Microsoft Visual Studio Solution File, Format Version 12.00
# Visual Studio Version 16
VisualStudioVersion = 16.0.28803.352
MinimumVisualStudioVersion = 10.0.40219.1
Project("{FAE04EC0-301F-11D3-BF4B-00C04F79EFBC}") = "Gestão de Estoque - Produtos", "Gestão de Estoque - Produtos\Gestão de Estoque - Produtos.csproj", "{EC3BC244-ADB4-41FC-A788-302DD5E4B428}"
EndProject
Global
	GlobalSection(SolutionConfigurationPlatforms) = preSolution
		Debug|Any CPU = Debug|Any CPU
		Release|Any CPU = Release|Any CPU
	EndGlobalSection
	GlobalSection(ProjectConfigurationPlatforms) = postSolution
		{EC3BC244-ADB4-41FC-A788-302DD5E4B428}.Debug|Any CPU.ActiveCfg = Debug|Any CPU
		{EC3BC244-ADB4-41FC-A788-302DD5E4B428}.Debug|Any CPU.Build.0 = Debug|Any CPU
		{EC3BC244-ADB4-41FC-A788-302DD5E4B428}.Release|Any CPU.ActiveCfg = Release|Any CPU
		{EC3BC244-ADB4-41FC-A788-302DD5E4B428}.Release|Any CPU.Build.0 = Release|Any CPU
	EndGlobalSection
	GlobalSection(SolutionProperties) = preSolution
		HideSolutionNode = FALSE
	EndGlobalSection
	GlobalSection(ExtensibilityGlobals) = postSolution
		SolutionGuid = {5C7B780B-94FA-4361-9D23-E48E5A6C2461}
	EndGlobalSection
EndGlobal
